// !$*UTF8*$!
{
	archiveVersion = 1;
	classes = {
	};
	objectVersion = 50;
	objects = {

/* Begin PBXBuildFile section */
		BF20266B22B0C23D00F472F0 /* LikeListViewController.swift in Sources */ = {isa = PBXBuildFile; fileRef = BF20266922B0C23D00F472F0 /* LikeListViewController.swift */; };
		BF20266C22B0C23D00F472F0 /* LikeListViewController.xib in Resources */ = {isa = PBXBuildFile; fileRef = BF20266A22B0C23D00F472F0 /* LikeListViewController.xib */; };
		BF4C425F227B2E780007D68C /* LikeEvent.swift in Sources */ = {isa = PBXBuildFile; fileRef = BF4C425D227B2E780007D68C /* LikeEvent.swift */; };
		BF4C4260227B2E780007D68C /* DBManager.swift in Sources */ = {isa = PBXBuildFile; fileRef = BF4C425E227B2E780007D68C /* DBManager.swift */; };
		BF4C4262227B362F0007D68C /* Registerable.swift in Sources */ = {isa = PBXBuildFile; fileRef = BF4C4261227B362F0007D68C /* Registerable.swift */; };
		BF55323E2257B03600A9B7F6 /* ForAPITestViewController.swift in Sources */ = {isa = PBXBuildFile; fileRef = BF55323C2257B03600A9B7F6 /* ForAPITestViewController.swift */; };
		BF55323F2257B03600A9B7F6 /* ForAPITestViewController.xib in Resources */ = {isa = PBXBuildFile; fileRef = BF55323D2257B03600A9B7F6 /* ForAPITestViewController.xib */; };
		BFA25167227AE8D200328A43 /* ProjectDetailViewModel.swift in Sources */ = {isa = PBXBuildFile; fileRef = BFA25166227AE8D200328A43 /* ProjectDetailViewModel.swift */; };
		BFA2516A227AEDBC00328A43 /* Realm.framework in Frameworks */ = {isa = PBXBuildFile; fileRef = BFA25168227AEDBC00328A43 /* Realm.framework */; };
		BFA2516B227AEDBC00328A43 /* RealmSwift.framework in Frameworks */ = {isa = PBXBuildFile; fileRef = BFA25169227AEDBC00328A43 /* RealmSwift.framework */; };
		BFA5F61B22694FB8006C698C /* WebKit.framework in Frameworks */ = {isa = PBXBuildFile; fileRef = BFA5F61A22694FB8006C698C /* WebKit.framework */; };
		BFA5F61D226957D8006C698C /* UIImageExtension.swift in Sources */ = {isa = PBXBuildFile; fileRef = BFA5F61C226957D8006C698C /* UIImageExtension.swift */; };
		BFCC6B0B22585DEF003905CD /* ConnpassAPIResponseModel.swift in Sources */ = {isa = PBXBuildFile; fileRef = BFCC6B0A22585DEF003905CD /* ConnpassAPIResponseModel.swift */; };
		BFCC6B0D225862C4003905CD /* ConnpassAPIClient.swift in Sources */ = {isa = PBXBuildFile; fileRef = BFCC6B0C225862C4003905CD /* ConnpassAPIClient.swift */; };
		BFCC6B0F22586401003905CD /* ConnpassAPIRequestModel.swift in Sources */ = {isa = PBXBuildFile; fileRef = BFCC6B0E22586401003905CD /* ConnpassAPIRequestModel.swift */; };
		BFCC6B12225871B2003905CD /* Alamofire.framework in Frameworks */ = {isa = PBXBuildFile; fileRef = BFCC6B11225871B2003905CD /* Alamofire.framework */; };
		BFCC6B1522587AAC003905CD /* APIError.swift in Sources */ = {isa = PBXBuildFile; fileRef = BFCC6B1422587AAC003905CD /* APIError.swift */; };
		BFCD4B9022897015006EDBA5 /* SearchViewController.swift in Sources */ = {isa = PBXBuildFile; fileRef = BFCD4B8E22897015006EDBA5 /* SearchViewController.swift */; };
		BFCD4B9122897015006EDBA5 /* SearchViewController.xib in Resources */ = {isa = PBXBuildFile; fileRef = BFCD4B8F22897015006EDBA5 /* SearchViewController.xib */; };
		BFCD4B9322897020006EDBA5 /* SearchViewModel.swift in Sources */ = {isa = PBXBuildFile; fileRef = BFCD4B9222897020006EDBA5 /* SearchViewModel.swift */; };
		BFCD4B98228A7E45006EDBA5 /* SearchResultDataProvider.swift in Sources */ = {isa = PBXBuildFile; fileRef = BFCD4B97228A7E45006EDBA5 /* SearchResultDataProvider.swift */; };
		BFE6E5E92258CC050063F4F0 /* ConnpassAPIClientTest.swift in Sources */ = {isa = PBXBuildFile; fileRef = BFE6E5E82258CC050063F4F0 /* ConnpassAPIClientTest.swift */; };
		BFE6E5EE2258FBD90063F4F0 /* SupporterzColabAPIClient.swift in Sources */ = {isa = PBXBuildFile; fileRef = BFE6E5ED2258FBD90063F4F0 /* SupporterzColabAPIClient.swift */; };
		BFE6E5F02258FF140063F4F0 /* SupporterzColabAPIClientTest.swift in Sources */ = {isa = PBXBuildFile; fileRef = BFE6E5EF2258FF140063F4F0 /* SupporterzColabAPIClientTest.swift */; };
		BFE762122259AACE00484AFF /* HomeViewController.swift in Sources */ = {isa = PBXBuildFile; fileRef = BFE762102259AACE00484AFF /* HomeViewController.swift */; };
		BFE762132259AACE00484AFF /* HomeViewController.xib in Resources */ = {isa = PBXBuildFile; fileRef = BFE762112259AACE00484AFF /* HomeViewController.xib */; };
		BFE762182259AF8A00484AFF /* ConnpassDataProvider.swift in Sources */ = {isa = PBXBuildFile; fileRef = BFE762172259AF8A00484AFF /* ConnpassDataProvider.swift */; };
		BFE7621B2259B64100484AFF /* HomeViewModel.swift in Sources */ = {isa = PBXBuildFile; fileRef = BFE7621A2259B64100484AFF /* HomeViewModel.swift */; };
		BFE7621E2259B7BD00484AFF /* XLPagerTabStrip.framework in Frameworks */ = {isa = PBXBuildFile; fileRef = BFE7621D2259B7BD00484AFF /* XLPagerTabStrip.framework */; };
		BFE762212259B83000484AFF /* ConnpassEventViewController.swift in Sources */ = {isa = PBXBuildFile; fileRef = BFE7621F2259B83000484AFF /* ConnpassEventViewController.swift */; };
		BFE762222259B83000484AFF /* ConnpassEventViewController.xib in Resources */ = {isa = PBXBuildFile; fileRef = BFE762202259B83000484AFF /* ConnpassEventViewController.xib */; };
		BFE762252259B97E00484AFF /* SupporterzColabEventViewController.swift in Sources */ = {isa = PBXBuildFile; fileRef = BFE762232259B97E00484AFF /* SupporterzColabEventViewController.swift */; };
		BFE762262259B97E00484AFF /* SupporterzColabEventViewController.xib in Resources */ = {isa = PBXBuildFile; fileRef = BFE762242259B97E00484AFF /* SupporterzColabEventViewController.xib */; };
		BFE7622A225A2DB600484AFF /* EventCell.swift in Sources */ = {isa = PBXBuildFile; fileRef = BFE76228225A2DB600484AFF /* EventCell.swift */; };
		BFE7622B225A2DB600484AFF /* EventCell.xib in Resources */ = {isa = PBXBuildFile; fileRef = BFE76229225A2DB600484AFF /* EventCell.xib */; };
		BFE7622D225A3CE300484AFF /* ConnpassEventViewModel.swift in Sources */ = {isa = PBXBuildFile; fileRef = BFE7622C225A3CE300484AFF /* ConnpassEventViewModel.swift */; };
		BFE76233225AE24D00484AFF /* SupporterzColabViewModel.swift in Sources */ = {isa = PBXBuildFile; fileRef = BFE76232225AE24D00484AFF /* SupporterzColabViewModel.swift */; };
		BFE76235225AE2E600484AFF /* SupporterzColabDataProvider.swift in Sources */ = {isa = PBXBuildFile; fileRef = BFE76234225AE2E600484AFF /* SupporterzColabDataProvider.swift */; };
		BFFBDF8622663DEE0076100B /* ProjectDetailViewController.swift in Sources */ = {isa = PBXBuildFile; fileRef = BFFBDF8422663DEE0076100B /* ProjectDetailViewController.swift */; };
		BFFBDF8722663DEE0076100B /* ProjectDetailViewController.xib in Resources */ = {isa = PBXBuildFile; fileRef = BFFBDF8522663DEE0076100B /* ProjectDetailViewController.xib */; };
		BFFF33E822AE3CA000FA13DE /* SkeletonView.framework in Frameworks */ = {isa = PBXBuildFile; fileRef = BFFF33E722AE3CA000FA13DE /* SkeletonView.framework */; };
		BFFF33EA22AE3E8A00FA13DE /* EventDataSource.swift in Sources */ = {isa = PBXBuildFile; fileRef = BFFF33E922AE3E8A00FA13DE /* EventDataSource.swift */; };
		BFFF33EC22AE487700FA13DE /* RxRelay.framework in Frameworks */ = {isa = PBXBuildFile; fileRef = BFFF33EB22AE487700FA13DE /* RxRelay.framework */; };
		BFFF33EE22AF80EA00FA13DE /* SearchEventDataSource.swift in Sources */ = {isa = PBXBuildFile; fileRef = BFFF33ED22AF80EA00FA13DE /* SearchEventDataSource.swift */; };
		BFFFFB8422579AC2006D1522 /* AppDelegate.swift in Sources */ = {isa = PBXBuildFile; fileRef = BFFFFB8322579AC2006D1522 /* AppDelegate.swift */; };
		BFFFFB8B22579AC4006D1522 /* Assets.xcassets in Resources */ = {isa = PBXBuildFile; fileRef = BFFFFB8A22579AC4006D1522 /* Assets.xcassets */; };
		BFFFFB8E22579AC4006D1522 /* LaunchScreen.storyboard in Resources */ = {isa = PBXBuildFile; fileRef = BFFFFB8C22579AC4006D1522 /* LaunchScreen.storyboard */; };
		BFFFFB9922579AC5006D1522 /* WorkShopSearcherTests.swift in Sources */ = {isa = PBXBuildFile; fileRef = BFFFFB9822579AC5006D1522 /* WorkShopSearcherTests.swift */; };
		BFFFFBA422579AC5006D1522 /* WorkShopSearcherUITests.swift in Sources */ = {isa = PBXBuildFile; fileRef = BFFFFBA322579AC5006D1522 /* WorkShopSearcherUITests.swift */; };
		BFFFFBB422579EA2006D1522 /* RxSwift.framework in Frameworks */ = {isa = PBXBuildFile; fileRef = BFFFFBB222579EA2006D1522 /* RxSwift.framework */; };
		BFFFFBB522579EA2006D1522 /* RxCocoa.framework in Frameworks */ = {isa = PBXBuildFile; fileRef = BFFFFBB322579EA2006D1522 /* RxCocoa.framework */; };
		BFFFFBBB2257A242006D1522 /* Nimble.framework in Frameworks */ = {isa = PBXBuildFile; fileRef = BFFFFBB92257A242006D1522 /* Nimble.framework */; };
		BFFFFBBC2257A242006D1522 /* Quick.framework in Frameworks */ = {isa = PBXBuildFile; fileRef = BFFFFBBA2257A242006D1522 /* Quick.framework */; };
		BFFFFBBE2257A288006D1522 /* Nimble.framework in CopyFiles */ = {isa = PBXBuildFile; fileRef = BFFFFBB92257A242006D1522 /* Nimble.framework */; settings = {ATTRIBUTES = (CodeSignOnCopy, RemoveHeadersOnCopy, ); }; };
		BFFFFBBF2257A288006D1522 /* Quick.framework in CopyFiles */ = {isa = PBXBuildFile; fileRef = BFFFFBBA2257A242006D1522 /* Quick.framework */; settings = {ATTRIBUTES = (CodeSignOnCopy, RemoveHeadersOnCopy, ); }; };
/* End PBXBuildFile section */

/* Begin PBXContainerItemProxy section */
		BFFFFB9522579AC5006D1522 /* PBXContainerItemProxy */ = {
			isa = PBXContainerItemProxy;
			containerPortal = BFFFFB7822579AC2006D1522 /* Project object */;
			proxyType = 1;
			remoteGlobalIDString = BFFFFB7F22579AC2006D1522;
			remoteInfo = WorkShopSearcher;
		};
		BFFFFBA022579AC5006D1522 /* PBXContainerItemProxy */ = {
			isa = PBXContainerItemProxy;
			containerPortal = BFFFFB7822579AC2006D1522 /* Project object */;
			proxyType = 1;
			remoteGlobalIDString = BFFFFB7F22579AC2006D1522;
			remoteInfo = WorkShopSearcher;
		};
/* End PBXContainerItemProxy section */

/* Begin PBXCopyFilesBuildPhase section */
		BFFFFBBD2257A276006D1522 /* CopyFiles */ = {
			isa = PBXCopyFilesBuildPhase;
			buildActionMask = 2147483647;
			dstPath = "";
			dstSubfolderSpec = 10;
			files = (
				BFFFFBBE2257A288006D1522 /* Nimble.framework in CopyFiles */,
				BFFFFBBF2257A288006D1522 /* Quick.framework in CopyFiles */,
			);
			runOnlyForDeploymentPostprocessing = 0;
		};
/* End PBXCopyFilesBuildPhase section */

/* Begin PBXFileReference section */
		BF20266922B0C23D00F472F0 /* LikeListViewController.swift */ = {isa = PBXFileReference; lastKnownFileType = sourcecode.swift; path = LikeListViewController.swift; sourceTree = "<group>"; };
		BF20266A22B0C23D00F472F0 /* LikeListViewController.xib */ = {isa = PBXFileReference; lastKnownFileType = file.xib; path = LikeListViewController.xib; sourceTree = "<group>"; };
		BF4C425D227B2E780007D68C /* LikeEvent.swift */ = {isa = PBXFileReference; fileEncoding = 4; lastKnownFileType = sourcecode.swift; path = LikeEvent.swift; sourceTree = "<group>"; };
		BF4C425E227B2E780007D68C /* DBManager.swift */ = {isa = PBXFileReference; fileEncoding = 4; lastKnownFileType = sourcecode.swift; path = DBManager.swift; sourceTree = "<group>"; };
		BF4C4261227B362F0007D68C /* Registerable.swift */ = {isa = PBXFileReference; lastKnownFileType = sourcecode.swift; path = Registerable.swift; sourceTree = "<group>"; };
		BF55323C2257B03600A9B7F6 /* ForAPITestViewController.swift */ = {isa = PBXFileReference; lastKnownFileType = sourcecode.swift; path = ForAPITestViewController.swift; sourceTree = "<group>"; };
		BF55323D2257B03600A9B7F6 /* ForAPITestViewController.xib */ = {isa = PBXFileReference; lastKnownFileType = file.xib; path = ForAPITestViewController.xib; sourceTree = "<group>"; };
		BFA25166227AE8D200328A43 /* ProjectDetailViewModel.swift */ = {isa = PBXFileReference; lastKnownFileType = sourcecode.swift; path = ProjectDetailViewModel.swift; sourceTree = "<group>"; };
		BFA25168227AEDBC00328A43 /* Realm.framework */ = {isa = PBXFileReference; lastKnownFileType = wrapper.framework; name = Realm.framework; path = Carthage/Build/iOS/Realm.framework; sourceTree = "<group>"; };
		BFA25169227AEDBC00328A43 /* RealmSwift.framework */ = {isa = PBXFileReference; lastKnownFileType = wrapper.framework; name = RealmSwift.framework; path = Carthage/Build/iOS/RealmSwift.framework; sourceTree = "<group>"; };
		BFA2516C227AF02C00328A43 /* RxRelay.framework */ = {isa = PBXFileReference; lastKnownFileType = wrapper.framework; name = RxRelay.framework; path = Carthage/Build/iOS/RxRelay.framework; sourceTree = "<group>"; };
		BFA5F61A22694FB8006C698C /* WebKit.framework */ = {isa = PBXFileReference; lastKnownFileType = wrapper.framework; name = WebKit.framework; path = System/Library/Frameworks/WebKit.framework; sourceTree = SDKROOT; };
		BFA5F61C226957D8006C698C /* UIImageExtension.swift */ = {isa = PBXFileReference; lastKnownFileType = sourcecode.swift; path = UIImageExtension.swift; sourceTree = "<group>"; };
		BFCC6B0A22585DEF003905CD /* ConnpassAPIResponseModel.swift */ = {isa = PBXFileReference; lastKnownFileType = sourcecode.swift; path = ConnpassAPIResponseModel.swift; sourceTree = "<group>"; };
		BFCC6B0C225862C4003905CD /* ConnpassAPIClient.swift */ = {isa = PBXFileReference; lastKnownFileType = sourcecode.swift; path = ConnpassAPIClient.swift; sourceTree = "<group>"; };
		BFCC6B0E22586401003905CD /* ConnpassAPIRequestModel.swift */ = {isa = PBXFileReference; lastKnownFileType = sourcecode.swift; path = ConnpassAPIRequestModel.swift; sourceTree = "<group>"; };
		BFCC6B11225871B2003905CD /* Alamofire.framework */ = {isa = PBXFileReference; lastKnownFileType = wrapper.framework; name = Alamofire.framework; path = Carthage/Build/iOS/Alamofire.framework; sourceTree = "<group>"; };
		BFCC6B1422587AAC003905CD /* APIError.swift */ = {isa = PBXFileReference; lastKnownFileType = sourcecode.swift; path = APIError.swift; sourceTree = "<group>"; };
		BFCD4B8E22897015006EDBA5 /* SearchViewController.swift */ = {isa = PBXFileReference; lastKnownFileType = sourcecode.swift; path = SearchViewController.swift; sourceTree = "<group>"; };
		BFCD4B8F22897015006EDBA5 /* SearchViewController.xib */ = {isa = PBXFileReference; lastKnownFileType = file.xib; path = SearchViewController.xib; sourceTree = "<group>"; };
		BFCD4B9222897020006EDBA5 /* SearchViewModel.swift */ = {isa = PBXFileReference; lastKnownFileType = sourcecode.swift; path = SearchViewModel.swift; sourceTree = "<group>"; };
		BFCD4B97228A7E45006EDBA5 /* SearchResultDataProvider.swift */ = {isa = PBXFileReference; lastKnownFileType = sourcecode.swift; path = SearchResultDataProvider.swift; sourceTree = "<group>"; };
		BFE6E5E82258CC050063F4F0 /* ConnpassAPIClientTest.swift */ = {isa = PBXFileReference; lastKnownFileType = sourcecode.swift; path = ConnpassAPIClientTest.swift; sourceTree = "<group>"; };
		BFE6E5ED2258FBD90063F4F0 /* SupporterzColabAPIClient.swift */ = {isa = PBXFileReference; lastKnownFileType = sourcecode.swift; path = SupporterzColabAPIClient.swift; sourceTree = "<group>"; };
		BFE6E5EF2258FF140063F4F0 /* SupporterzColabAPIClientTest.swift */ = {isa = PBXFileReference; lastKnownFileType = sourcecode.swift; path = SupporterzColabAPIClientTest.swift; sourceTree = "<group>"; };
		BFE762102259AACE00484AFF /* HomeViewController.swift */ = {isa = PBXFileReference; lastKnownFileType = sourcecode.swift; path = HomeViewController.swift; sourceTree = "<group>"; };
		BFE762112259AACE00484AFF /* HomeViewController.xib */ = {isa = PBXFileReference; lastKnownFileType = file.xib; path = HomeViewController.xib; sourceTree = "<group>"; };
		BFE762172259AF8A00484AFF /* ConnpassDataProvider.swift */ = {isa = PBXFileReference; lastKnownFileType = sourcecode.swift; path = ConnpassDataProvider.swift; sourceTree = "<group>"; };
		BFE7621A2259B64100484AFF /* HomeViewModel.swift */ = {isa = PBXFileReference; lastKnownFileType = sourcecode.swift; path = HomeViewModel.swift; sourceTree = "<group>"; };
		BFE7621D2259B7BD00484AFF /* XLPagerTabStrip.framework */ = {isa = PBXFileReference; lastKnownFileType = wrapper.framework; name = XLPagerTabStrip.framework; path = Carthage/Build/iOS/XLPagerTabStrip.framework; sourceTree = "<group>"; };
		BFE7621F2259B83000484AFF /* ConnpassEventViewController.swift */ = {isa = PBXFileReference; lastKnownFileType = sourcecode.swift; path = ConnpassEventViewController.swift; sourceTree = "<group>"; };
		BFE762202259B83000484AFF /* ConnpassEventViewController.xib */ = {isa = PBXFileReference; lastKnownFileType = file.xib; path = ConnpassEventViewController.xib; sourceTree = "<group>"; };
		BFE762232259B97E00484AFF /* SupporterzColabEventViewController.swift */ = {isa = PBXFileReference; lastKnownFileType = sourcecode.swift; path = SupporterzColabEventViewController.swift; sourceTree = "<group>"; };
		BFE762242259B97E00484AFF /* SupporterzColabEventViewController.xib */ = {isa = PBXFileReference; lastKnownFileType = file.xib; path = SupporterzColabEventViewController.xib; sourceTree = "<group>"; };
		BFE76228225A2DB600484AFF /* EventCell.swift */ = {isa = PBXFileReference; lastKnownFileType = sourcecode.swift; path = EventCell.swift; sourceTree = "<group>"; };
		BFE76229225A2DB600484AFF /* EventCell.xib */ = {isa = PBXFileReference; lastKnownFileType = file.xib; path = EventCell.xib; sourceTree = "<group>"; };
		BFE7622C225A3CE300484AFF /* ConnpassEventViewModel.swift */ = {isa = PBXFileReference; lastKnownFileType = sourcecode.swift; path = ConnpassEventViewModel.swift; sourceTree = "<group>"; };
		BFE76232225AE24D00484AFF /* SupporterzColabViewModel.swift */ = {isa = PBXFileReference; lastKnownFileType = sourcecode.swift; path = SupporterzColabViewModel.swift; sourceTree = "<group>"; };
		BFE76234225AE2E600484AFF /* SupporterzColabDataProvider.swift */ = {isa = PBXFileReference; lastKnownFileType = sourcecode.swift; path = SupporterzColabDataProvider.swift; sourceTree = "<group>"; };
		BFFBDF8422663DEE0076100B /* ProjectDetailViewController.swift */ = {isa = PBXFileReference; lastKnownFileType = sourcecode.swift; path = ProjectDetailViewController.swift; sourceTree = "<group>"; };
		BFFBDF8522663DEE0076100B /* ProjectDetailViewController.xib */ = {isa = PBXFileReference; lastKnownFileType = file.xib; path = ProjectDetailViewController.xib; sourceTree = "<group>"; };
		BFFF33E722AE3CA000FA13DE /* SkeletonView.framework */ = {isa = PBXFileReference; lastKnownFileType = wrapper.framework; name = SkeletonView.framework; path = Carthage/Build/iOS/SkeletonView.framework; sourceTree = "<group>"; };
		BFFF33E922AE3E8A00FA13DE /* EventDataSource.swift */ = {isa = PBXFileReference; lastKnownFileType = sourcecode.swift; path = EventDataSource.swift; sourceTree = "<group>"; };
		BFFF33EB22AE487700FA13DE /* RxRelay.framework */ = {isa = PBXFileReference; lastKnownFileType = wrapper.framework; name = RxRelay.framework; path = Carthage/Build/iOS/RxRelay.framework; sourceTree = "<group>"; };
		BFFF33ED22AF80EA00FA13DE /* SearchEventDataSource.swift */ = {isa = PBXFileReference; lastKnownFileType = sourcecode.swift; path = SearchEventDataSource.swift; sourceTree = "<group>"; };
		BFFFFB8022579AC2006D1522 /* WorkShopSearcher.app */ = {isa = PBXFileReference; explicitFileType = wrapper.application; includeInIndex = 0; path = WorkShopSearcher.app; sourceTree = BUILT_PRODUCTS_DIR; };
		BFFFFB8322579AC2006D1522 /* AppDelegate.swift */ = {isa = PBXFileReference; lastKnownFileType = sourcecode.swift; path = AppDelegate.swift; sourceTree = "<group>"; };
		BFFFFB8A22579AC4006D1522 /* Assets.xcassets */ = {isa = PBXFileReference; lastKnownFileType = folder.assetcatalog; path = Assets.xcassets; sourceTree = "<group>"; };
		BFFFFB8D22579AC4006D1522 /* Base */ = {isa = PBXFileReference; lastKnownFileType = file.storyboard; name = Base; path = Base.lproj/LaunchScreen.storyboard; sourceTree = "<group>"; };
		BFFFFB8F22579AC4006D1522 /* Info.plist */ = {isa = PBXFileReference; lastKnownFileType = text.plist.xml; path = Info.plist; sourceTree = "<group>"; };
		BFFFFB9422579AC5006D1522 /* WorkShopSearcherTests.xctest */ = {isa = PBXFileReference; explicitFileType = wrapper.cfbundle; includeInIndex = 0; path = WorkShopSearcherTests.xctest; sourceTree = BUILT_PRODUCTS_DIR; };
		BFFFFB9822579AC5006D1522 /* WorkShopSearcherTests.swift */ = {isa = PBXFileReference; lastKnownFileType = sourcecode.swift; path = WorkShopSearcherTests.swift; sourceTree = "<group>"; };
		BFFFFB9A22579AC5006D1522 /* Info.plist */ = {isa = PBXFileReference; lastKnownFileType = text.plist.xml; path = Info.plist; sourceTree = "<group>"; };
		BFFFFB9F22579AC5006D1522 /* WorkShopSearcherUITests.xctest */ = {isa = PBXFileReference; explicitFileType = wrapper.cfbundle; includeInIndex = 0; path = WorkShopSearcherUITests.xctest; sourceTree = BUILT_PRODUCTS_DIR; };
		BFFFFBA322579AC5006D1522 /* WorkShopSearcherUITests.swift */ = {isa = PBXFileReference; lastKnownFileType = sourcecode.swift; path = WorkShopSearcherUITests.swift; sourceTree = "<group>"; };
		BFFFFBA522579AC5006D1522 /* Info.plist */ = {isa = PBXFileReference; lastKnownFileType = text.plist.xml; path = Info.plist; sourceTree = "<group>"; };
		BFFFFBB222579EA2006D1522 /* RxSwift.framework */ = {isa = PBXFileReference; lastKnownFileType = wrapper.framework; name = RxSwift.framework; path = Carthage/Build/iOS/RxSwift.framework; sourceTree = "<group>"; };
		BFFFFBB322579EA2006D1522 /* RxCocoa.framework */ = {isa = PBXFileReference; lastKnownFileType = wrapper.framework; name = RxCocoa.framework; path = Carthage/Build/iOS/RxCocoa.framework; sourceTree = "<group>"; };
		BFFFFBB92257A242006D1522 /* Nimble.framework */ = {isa = PBXFileReference; lastKnownFileType = wrapper.framework; name = Nimble.framework; path = Carthage/Build/iOS/Nimble.framework; sourceTree = "<group>"; };
		BFFFFBBA2257A242006D1522 /* Quick.framework */ = {isa = PBXFileReference; lastKnownFileType = wrapper.framework; name = Quick.framework; path = Carthage/Build/iOS/Quick.framework; sourceTree = "<group>"; };
/* End PBXFileReference section */

/* Begin PBXFrameworksBuildPhase section */
		BFFFFB7D22579AC2006D1522 /* Frameworks */ = {
			isa = PBXFrameworksBuildPhase;
			buildActionMask = 2147483647;
			files = (
				BFA2516A227AEDBC00328A43 /* Realm.framework in Frameworks */,
				BFFF33EC22AE487700FA13DE /* RxRelay.framework in Frameworks */,
				BFFF33E822AE3CA000FA13DE /* SkeletonView.framework in Frameworks */,
				BFE7621E2259B7BD00484AFF /* XLPagerTabStrip.framework in Frameworks */,
				BFCC6B12225871B2003905CD /* Alamofire.framework in Frameworks */,
				BFFFFBB422579EA2006D1522 /* RxSwift.framework in Frameworks */,
				BFFFFBB522579EA2006D1522 /* RxCocoa.framework in Frameworks */,
				BFA5F61B22694FB8006C698C /* WebKit.framework in Frameworks */,
				BFE7621E2259B7BD00484AFF /* XLPagerTabStrip.framework in Frameworks */,
				BFCC6B12225871B2003905CD /* Alamofire.framework in Frameworks */,
				BFA2516B227AEDBC00328A43 /* RealmSwift.framework in Frameworks */,
			);
			runOnlyForDeploymentPostprocessing = 0;
		};
		BFFFFB9122579AC5006D1522 /* Frameworks */ = {
			isa = PBXFrameworksBuildPhase;
			buildActionMask = 2147483647;
			files = (
				BFFFFBBB2257A242006D1522 /* Nimble.framework in Frameworks */,
				BFFFFBBC2257A242006D1522 /* Quick.framework in Frameworks */,
			);
			runOnlyForDeploymentPostprocessing = 0;
		};
		BFFFFB9C22579AC5006D1522 /* Frameworks */ = {
			isa = PBXFrameworksBuildPhase;
			buildActionMask = 2147483647;
			files = (
			);
			runOnlyForDeploymentPostprocessing = 0;
		};
/* End PBXFrameworksBuildPhase section */

/* Begin PBXGroup section */
		BF20266522AFA6E500F472F0 /* Recovered References */ = {
			isa = PBXGroup;
			children = (
				BFFF33EB22AE487700FA13DE /* RxRelay.framework */,
			);
			name = "Recovered References";
			sourceTree = "<group>";
		};
		BF20266622B0C20700F472F0 /* LikeList */ = {
			isa = PBXGroup;
			children = (
				BF20266822B0C22000F472F0 /* ViewModels */,
				BF20266722B0C21A00F472F0 /* Views */,
			);
			path = LikeList;
			sourceTree = "<group>";
		};
		BF20266722B0C21A00F472F0 /* Views */ = {
			isa = PBXGroup;
			children = (
				BF20266922B0C23D00F472F0 /* LikeListViewController.swift */,
				BF20266A22B0C23D00F472F0 /* LikeListViewController.xib */,
			);
			path = Views;
			sourceTree = "<group>";
		};
		BF20266822B0C22000F472F0 /* ViewModels */ = {
			isa = PBXGroup;
			children = (
			);
			path = ViewModels;
			sourceTree = "<group>";
		};
		BF4C425C227B2E780007D68C /* DB */ = {
			isa = PBXGroup;
			children = (
				BF4C425E227B2E780007D68C /* DBManager.swift */,
				BF4C425D227B2E780007D68C /* LikeEvent.swift */,
				BF4C4261227B362F0007D68C /* Registerable.swift */,
			);
			path = DB;
			sourceTree = "<group>";
		};
		BF55323A2257B00600A9B7F6 /* Components */ = {
			isa = PBXGroup;
			children = (
				BF6BA5312266366F00D28D79 /* Common */,
				BFE76230225A3D5B00484AFF /* Develop */,
				BFE7621C2259B65700484AFF /* Home */,
				BF20266622B0C20700F472F0 /* LikeList */,
				BFCD4B8B22896FE2006EDBA5 /* Search */,
			);
			path = Components;
			sourceTree = "<group>";
		};
		BF55323B2257B01900A9B7F6 /* Views */ = {
			isa = PBXGroup;
			children = (
				BF55323C2257B03600A9B7F6 /* ForAPITestViewController.swift */,
				BF55323D2257B03600A9B7F6 /* ForAPITestViewController.xib */,
			);
			path = Views;
			sourceTree = "<group>";
		};
		BF5F62F922585DA10049640F /* APIModels */ = {
			isa = PBXGroup;
			children = (
				BFCC6B0A22585DEF003905CD /* ConnpassAPIResponseModel.swift */,
				BFCC6B0E22586401003905CD /* ConnpassAPIRequestModel.swift */,
			);
			path = APIModels;
			sourceTree = "<group>";
		};
		BF6BA5312266366F00D28D79 /* Common */ = {
			isa = PBXGroup;
			children = (
				BFA2516E227AFC0B00328A43 /* Models */,
				BFEDBA09227AE88B00240E4A /* ViewModels */,
				BFFBDF8322663DCF0076100B /* Views */,
			);
			path = Common;
			sourceTree = "<group>";
		};
		BFA2516E227AFC0B00328A43 /* Models */ = {
			isa = PBXGroup;
			children = (
				BFA2516F227AFC1800328A43 /* Services */,
			);
			path = Models;
			sourceTree = "<group>";
		};
		BFA2516F227AFC1800328A43 /* Services */ = {
			isa = PBXGroup;
			children = (
			);
			path = Services;
			sourceTree = "<group>";
		};
		BFCC6B1022586C1F003905CD /* Extensions */ = {
			isa = PBXGroup;
			children = (
				BFA5F61C226957D8006C698C /* UIImageExtension.swift */,
			);
			path = Extensions;
			sourceTree = "<group>";
		};
		BFCC6B1322587A9B003905CD /* Utils */ = {
			isa = PBXGroup;
			children = (
				BFCC6B1422587AAC003905CD /* APIError.swift */,
			);
			path = Utils;
			sourceTree = "<group>";
		};
		BFCD4B8B22896FE2006EDBA5 /* Search */ = {
			isa = PBXGroup;
			children = (
				BFCD4B94228A7DF9006EDBA5 /* Models */,
				BFCD4B8D22896FF2006EDBA5 /* ViewModels */,
				BFCD4B8C22896FED006EDBA5 /* Views */,
			);
			path = Search;
			sourceTree = "<group>";
		};
		BFCD4B8C22896FED006EDBA5 /* Views */ = {
			isa = PBXGroup;
			children = (
				BFCD4B8E22897015006EDBA5 /* SearchViewController.swift */,
				BFCD4B8F22897015006EDBA5 /* SearchViewController.xib */,
				BFFF33ED22AF80EA00FA13DE /* SearchEventDataSource.swift */,
			);
			path = Views;
			sourceTree = "<group>";
		};
		BFCD4B8D22896FF2006EDBA5 /* ViewModels */ = {
			isa = PBXGroup;
			children = (
				BFCD4B9222897020006EDBA5 /* SearchViewModel.swift */,
			);
			path = ViewModels;
			sourceTree = "<group>";
		};
		BFCD4B94228A7DF9006EDBA5 /* Models */ = {
			isa = PBXGroup;
			children = (
				BFCD4B95228A7E01006EDBA5 /* Provider */,
				BFCD4B96228A7E09006EDBA5 /* Service */,
			);
			path = Models;
			sourceTree = "<group>";
		};
		BFCD4B95228A7E01006EDBA5 /* Provider */ = {
			isa = PBXGroup;
			children = (
				BFCD4B97228A7E45006EDBA5 /* SearchResultDataProvider.swift */,
			);
			path = Provider;
			sourceTree = "<group>";
		};
		BFCD4B96228A7E09006EDBA5 /* Service */ = {
			isa = PBXGroup;
			children = (
			);
			path = Service;
			sourceTree = "<group>";
		};
		BFE762152259AF6900484AFF /* Providers */ = {
			isa = PBXGroup;
			children = (
				BFE762172259AF8A00484AFF /* ConnpassDataProvider.swift */,
				BFE76234225AE2E600484AFF /* SupporterzColabDataProvider.swift */,
			);
			path = Providers;
			sourceTree = "<group>";
		};
		BFE7621C2259B65700484AFF /* Home */ = {
			isa = PBXGroup;
			children = (
				BFE7622F225A3D1A00484AFF /* ViewModels */,
				BFE7622E225A3D0800484AFF /* Views */,
			);
			path = Home;
			sourceTree = "<group>";
		};
		BFE76227225A2D3400484AFF /* Cells */ = {
			isa = PBXGroup;
			children = (
				BFE76228225A2DB600484AFF /* EventCell.swift */,
				BFE76229225A2DB600484AFF /* EventCell.xib */,
			);
			path = Cells;
			sourceTree = "<group>";
		};
		BFE7622E225A3D0800484AFF /* Views */ = {
			isa = PBXGroup;
			children = (
				BFE7621F2259B83000484AFF /* ConnpassEventViewController.swift */,
				BFE762202259B83000484AFF /* ConnpassEventViewController.xib */,
				BFFF33E922AE3E8A00FA13DE /* EventDataSource.swift */,
				BFE762102259AACE00484AFF /* HomeViewController.swift */,
				BFE762112259AACE00484AFF /* HomeViewController.xib */,
				BFE762232259B97E00484AFF /* SupporterzColabEventViewController.swift */,
				BFE762242259B97E00484AFF /* SupporterzColabEventViewController.xib */,
			);
			path = Views;
			sourceTree = "<group>";
		};
		BFE7622F225A3D1A00484AFF /* ViewModels */ = {
			isa = PBXGroup;
			children = (
				BFE7621A2259B64100484AFF /* HomeViewModel.swift */,
				BFE7622C225A3CE300484AFF /* ConnpassEventViewModel.swift */,
				BFE76232225AE24D00484AFF /* SupporterzColabViewModel.swift */,
			);
			path = ViewModels;
			sourceTree = "<group>";
		};
		BFE76230225A3D5B00484AFF /* Develop */ = {
			isa = PBXGroup;
			children = (
				BF55323B2257B01900A9B7F6 /* Views */,
			);
			path = Develop;
			sourceTree = "<group>";
		};
		BFEDBA09227AE88B00240E4A /* ViewModels */ = {
			isa = PBXGroup;
			children = (
				BFA25166227AE8D200328A43 /* ProjectDetailViewModel.swift */,
			);
			path = ViewModels;
			sourceTree = "<group>";
		};
		BFFBDF8322663DCF0076100B /* Views */ = {
			isa = PBXGroup;
			children = (
				BFE76227225A2D3400484AFF /* Cells */,
				BFFBDF8422663DEE0076100B /* ProjectDetailViewController.swift */,
				BFFBDF8522663DEE0076100B /* ProjectDetailViewController.xib */,
			);
			path = Views;
			sourceTree = "<group>";
		};
		BFFFFB7722579AC2006D1522 = {
			isa = PBXGroup;
			children = (
				BFFFFB8222579AC2006D1522 /* WorkShopSearcher */,
				BFFFFB9722579AC5006D1522 /* WorkShopSearcherTests */,
				BFFFFBA222579AC5006D1522 /* WorkShopSearcherUITests */,
				BFFFFB8122579AC2006D1522 /* Products */,
				BFFFFBB122579EA1006D1522 /* Frameworks */,
				BF20266522AFA6E500F472F0 /* Recovered References */,
			);
			sourceTree = "<group>";
		};
		BFFFFB8122579AC2006D1522 /* Products */ = {
			isa = PBXGroup;
			children = (
				BFFFFB8022579AC2006D1522 /* WorkShopSearcher.app */,
				BFFFFB9422579AC5006D1522 /* WorkShopSearcherTests.xctest */,
				BFFFFB9F22579AC5006D1522 /* WorkShopSearcherUITests.xctest */,
			);
			name = Products;
			sourceTree = "<group>";
		};
		BFFFFB8222579AC2006D1522 /* WorkShopSearcher */ = {
			isa = PBXGroup;
			children = (
				BFFFFBC12257AFBA006D1522 /* APIs */,
				BFFFFB8322579AC2006D1522 /* AppDelegate.swift */,
				BFFFFB8A22579AC4006D1522 /* Assets.xcassets */,
				BF55323A2257B00600A9B7F6 /* Components */,
				BF4C425C227B2E780007D68C /* DB */,
				BFCC6B1022586C1F003905CD /* Extensions */,
				BFFFFB8F22579AC4006D1522 /* Info.plist */,
				BFFFFB8C22579AC4006D1522 /* LaunchScreen.storyboard */,
				BFCC6B1322587A9B003905CD /* Utils */,
			);
			path = WorkShopSearcher;
			sourceTree = "<group>";
		};
		BFFFFB9722579AC5006D1522 /* WorkShopSearcherTests */ = {
			isa = PBXGroup;
			children = (
				BFE6E5E82258CC050063F4F0 /* ConnpassAPIClientTest.swift */,
				BFFFFB9A22579AC5006D1522 /* Info.plist */,
				BFE6E5EF2258FF140063F4F0 /* SupporterzColabAPIClientTest.swift */,
				BFFFFB9822579AC5006D1522 /* WorkShopSearcherTests.swift */,
			);
			path = WorkShopSearcherTests;
			sourceTree = "<group>";
		};
		BFFFFBA222579AC5006D1522 /* WorkShopSearcherUITests */ = {
			isa = PBXGroup;
			children = (
				BFFFFBA322579AC5006D1522 /* WorkShopSearcherUITests.swift */,
				BFFFFBA522579AC5006D1522 /* Info.plist */,
			);
			path = WorkShopSearcherUITests;
			sourceTree = "<group>";
		};
		BFFFFBB122579EA1006D1522 /* Frameworks */ = {
			isa = PBXGroup;
			children = (
				BFA2516C227AF02C00328A43 /* RxRelay.framework */,
				BFA25168227AEDBC00328A43 /* Realm.framework */,
				BFA25169227AEDBC00328A43 /* RealmSwift.framework */,
				BFA5F61A22694FB8006C698C /* WebKit.framework */,
				BFFF33E722AE3CA000FA13DE /* SkeletonView.framework */,
				BFE7621D2259B7BD00484AFF /* XLPagerTabStrip.framework */,
				BFCC6B11225871B2003905CD /* Alamofire.framework */,
				BFFFFBB92257A242006D1522 /* Nimble.framework */,
				BFFFFBBA2257A242006D1522 /* Quick.framework */,
				BFFFFBB322579EA2006D1522 /* RxCocoa.framework */,
				BFFFFBB222579EA2006D1522 /* RxSwift.framework */,
			);
			name = Frameworks;
			sourceTree = "<group>";
		};
		BFFFFBC12257AFBA006D1522 /* APIs */ = {
			isa = PBXGroup;
			children = (
				BF5F62F922585DA10049640F /* APIModels */,
				BFCC6B0C225862C4003905CD /* ConnpassAPIClient.swift */,
				BFE762152259AF6900484AFF /* Providers */,
				BFE6E5ED2258FBD90063F4F0 /* SupporterzColabAPIClient.swift */,
			);
			path = APIs;
			sourceTree = "<group>";
		};
/* End PBXGroup section */

/* Begin PBXNativeTarget section */
		BFFFFB7F22579AC2006D1522 /* WorkShopSearcher */ = {
			isa = PBXNativeTarget;
			buildConfigurationList = BFFFFBA822579AC5006D1522 /* Build configuration list for PBXNativeTarget "WorkShopSearcher" */;
			buildPhases = (
				BFFFFB7C22579AC2006D1522 /* Sources */,
				BFFFFB7D22579AC2006D1522 /* Frameworks */,
				BFFFFB7E22579AC2006D1522 /* Resources */,
				BFFFFBB722579EB8006D1522 /* ShellScript */,
			);
			buildRules = (
			);
			dependencies = (
			);
			name = WorkShopSearcher;
			productName = WorkShopSearcher;
			productReference = BFFFFB8022579AC2006D1522 /* WorkShopSearcher.app */;
			productType = "com.apple.product-type.application";
		};
		BFFFFB9322579AC5006D1522 /* WorkShopSearcherTests */ = {
			isa = PBXNativeTarget;
			buildConfigurationList = BFFFFBAB22579AC5006D1522 /* Build configuration list for PBXNativeTarget "WorkShopSearcherTests" */;
			buildPhases = (
				BFFFFB9022579AC5006D1522 /* Sources */,
				BFFFFB9122579AC5006D1522 /* Frameworks */,
				BFFFFB9222579AC5006D1522 /* Resources */,
				BFFFFBBD2257A276006D1522 /* CopyFiles */,
			);
			buildRules = (
			);
			dependencies = (
				BFFFFB9622579AC5006D1522 /* PBXTargetDependency */,
			);
			name = WorkShopSearcherTests;
			productName = WorkShopSearcherTests;
			productReference = BFFFFB9422579AC5006D1522 /* WorkShopSearcherTests.xctest */;
			productType = "com.apple.product-type.bundle.unit-test";
		};
		BFFFFB9E22579AC5006D1522 /* WorkShopSearcherUITests */ = {
			isa = PBXNativeTarget;
			buildConfigurationList = BFFFFBAE22579AC5006D1522 /* Build configuration list for PBXNativeTarget "WorkShopSearcherUITests" */;
			buildPhases = (
				BFFFFB9B22579AC5006D1522 /* Sources */,
				BFFFFB9C22579AC5006D1522 /* Frameworks */,
				BFFFFB9D22579AC5006D1522 /* Resources */,
			);
			buildRules = (
			);
			dependencies = (
				BFFFFBA122579AC5006D1522 /* PBXTargetDependency */,
			);
			name = WorkShopSearcherUITests;
			productName = WorkShopSearcherUITests;
			productReference = BFFFFB9F22579AC5006D1522 /* WorkShopSearcherUITests.xctest */;
			productType = "com.apple.product-type.bundle.ui-testing";
		};
/* End PBXNativeTarget section */

/* Begin PBXProject section */
		BFFFFB7822579AC2006D1522 /* Project object */ = {
			isa = PBXProject;
			attributes = {
				LastSwiftUpdateCheck = 1020;
				LastUpgradeCheck = 1020;
				ORGANIZATIONNAME = "ry-itto";
				TargetAttributes = {
					BFFFFB7F22579AC2006D1522 = {
						CreatedOnToolsVersion = 10.2;
					};
					BFFFFB9322579AC5006D1522 = {
						CreatedOnToolsVersion = 10.2;
						TestTargetID = BFFFFB7F22579AC2006D1522;
					};
					BFFFFB9E22579AC5006D1522 = {
						CreatedOnToolsVersion = 10.2;
						TestTargetID = BFFFFB7F22579AC2006D1522;
					};
				};
			};
			buildConfigurationList = BFFFFB7B22579AC2006D1522 /* Build configuration list for PBXProject "WorkShopSearcher" */;
			compatibilityVersion = "Xcode 9.3";
			developmentRegion = en;
			hasScannedForEncodings = 0;
			knownRegions = (
				en,
				Base,
			);
			mainGroup = BFFFFB7722579AC2006D1522;
			productRefGroup = BFFFFB8122579AC2006D1522 /* Products */;
			projectDirPath = "";
			projectRoot = "";
			targets = (
				BFFFFB7F22579AC2006D1522 /* WorkShopSearcher */,
				BFFFFB9322579AC5006D1522 /* WorkShopSearcherTests */,
				BFFFFB9E22579AC5006D1522 /* WorkShopSearcherUITests */,
			);
		};
/* End PBXProject section */

/* Begin PBXResourcesBuildPhase section */
		BFFFFB7E22579AC2006D1522 /* Resources */ = {
			isa = PBXResourcesBuildPhase;
			buildActionMask = 2147483647;
			files = (
				BFE762222259B83000484AFF /* ConnpassEventViewController.xib in Resources */,
				BFFBDF8722663DEE0076100B /* ProjectDetailViewController.xib in Resources */,
				BFFFFB8E22579AC4006D1522 /* LaunchScreen.storyboard in Resources */,
				BF55323F2257B03600A9B7F6 /* ForAPITestViewController.xib in Resources */,
				BFE762262259B97E00484AFF /* SupporterzColabEventViewController.xib in Resources */,
				BFFFFB8B22579AC4006D1522 /* Assets.xcassets in Resources */,
				BFE762132259AACE00484AFF /* HomeViewController.xib in Resources */,
				BFCD4B9122897015006EDBA5 /* SearchViewController.xib in Resources */,
				BFE7622B225A2DB600484AFF /* EventCell.xib in Resources */,
				BF20266C22B0C23D00F472F0 /* LikeListViewController.xib in Resources */,
			);
			runOnlyForDeploymentPostprocessing = 0;
		};
		BFFFFB9222579AC5006D1522 /* Resources */ = {
			isa = PBXResourcesBuildPhase;
			buildActionMask = 2147483647;
			files = (
			);
			runOnlyForDeploymentPostprocessing = 0;
		};
		BFFFFB9D22579AC5006D1522 /* Resources */ = {
			isa = PBXResourcesBuildPhase;
			buildActionMask = 2147483647;
			files = (
			);
			runOnlyForDeploymentPostprocessing = 0;
		};
/* End PBXResourcesBuildPhase section */

/* Begin PBXShellScriptBuildPhase section */
		BFFFFBB722579EB8006D1522 /* ShellScript */ = {
			isa = PBXShellScriptBuildPhase;
			buildActionMask = 2147483647;
			files = (
			);
			inputFileListPaths = (
			);
			inputPaths = (
				"$(SRCROOT)/Carthage/Build/iOS/RxSwift.framework",
				"$(SRCROOT)/Carthage/Build/iOS/RxCocoa.framework",
				"$(SRCROOT)/Carthage/Build/iOS/Alamofire.framework",
				"$(SRCROOT)/Carthage/Build/iOS/XLPagerTabStrip.framework",
				"$(SRCROOT)/Carthage/Build/iOS/Realm.framework",
				"$(SRCROOT)/Carthage/Build/iOS/RealmSwift.framework",
				"$(SRCROOT)/Carthage/Build/iOS/SkeletonView.framework",
				"$(SRCROOT)/Carthage/Build/iOS/RxRelay.framework",
			);
			outputFileListPaths = (
			);
			outputPaths = (
			);
			runOnlyForDeploymentPostprocessing = 0;
			shellPath = /bin/sh;
			shellScript = "/usr/local/bin/carthage copy-frameworks\n";
		};
/* End PBXShellScriptBuildPhase section */

/* Begin PBXSourcesBuildPhase section */
		BFFFFB7C22579AC2006D1522 /* Sources */ = {
			isa = PBXSourcesBuildPhase;
			buildActionMask = 2147483647;
			files = (
				BFE76235225AE2E600484AFF /* SupporterzColabDataProvider.swift in Sources */,
				BFFF33EA22AE3E8A00FA13DE /* EventDataSource.swift in Sources */,
				BFE76233225AE24D00484AFF /* SupporterzColabViewModel.swift in Sources */,
				BF4C4262227B362F0007D68C /* Registerable.swift in Sources */,
				BFCC6B0D225862C4003905CD /* ConnpassAPIClient.swift in Sources */,
				BFCD4B9022897015006EDBA5 /* SearchViewController.swift in Sources */,
				BFCD4B98228A7E45006EDBA5 /* SearchResultDataProvider.swift in Sources */,
				BFCC6B0B22585DEF003905CD /* ConnpassAPIResponseModel.swift in Sources */,
				BFFFFB8422579AC2006D1522 /* AppDelegate.swift in Sources */,
				BFA5F61D226957D8006C698C /* UIImageExtension.swift in Sources */,
				BFFBDF8622663DEE0076100B /* ProjectDetailViewController.swift in Sources */,
				BFCD4B9322897020006EDBA5 /* SearchViewModel.swift in Sources */,
				BFE762252259B97E00484AFF /* SupporterzColabEventViewController.swift in Sources */,
				BFE7621B2259B64100484AFF /* HomeViewModel.swift in Sources */,
				BFE762122259AACE00484AFF /* HomeViewController.swift in Sources */,
				BFFF33EE22AF80EA00FA13DE /* SearchEventDataSource.swift in Sources */,
				BFE762212259B83000484AFF /* ConnpassEventViewController.swift in Sources */,
				BFA25167227AE8D200328A43 /* ProjectDetailViewModel.swift in Sources */,
				BFE7622A225A2DB600484AFF /* EventCell.swift in Sources */,
				BFE762182259AF8A00484AFF /* ConnpassDataProvider.swift in Sources */,
				BFE6E5EE2258FBD90063F4F0 /* SupporterzColabAPIClient.swift in Sources */,
				BF4C425F227B2E780007D68C /* LikeEvent.swift in Sources */,
				BFCC6B0F22586401003905CD /* ConnpassAPIRequestModel.swift in Sources */,
				BF20266B22B0C23D00F472F0 /* LikeListViewController.swift in Sources */,
				BF55323E2257B03600A9B7F6 /* ForAPITestViewController.swift in Sources */,
				BFE7622D225A3CE300484AFF /* ConnpassEventViewModel.swift in Sources */,
				BFCC6B1522587AAC003905CD /* APIError.swift in Sources */,
				BF4C4260227B2E780007D68C /* DBManager.swift in Sources */,
			);
			runOnlyForDeploymentPostprocessing = 0;
		};
		BFFFFB9022579AC5006D1522 /* Sources */ = {
			isa = PBXSourcesBuildPhase;
			buildActionMask = 2147483647;
			files = (
				BFE6E5E92258CC050063F4F0 /* ConnpassAPIClientTest.swift in Sources */,
				BFFFFB9922579AC5006D1522 /* WorkShopSearcherTests.swift in Sources */,
				BFE6E5F02258FF140063F4F0 /* SupporterzColabAPIClientTest.swift in Sources */,
			);
			runOnlyForDeploymentPostprocessing = 0;
		};
		BFFFFB9B22579AC5006D1522 /* Sources */ = {
			isa = PBXSourcesBuildPhase;
			buildActionMask = 2147483647;
			files = (
				BFFFFBA422579AC5006D1522 /* WorkShopSearcherUITests.swift in Sources */,
			);
			runOnlyForDeploymentPostprocessing = 0;
		};
/* End PBXSourcesBuildPhase section */

/* Begin PBXTargetDependency section */
		BFFFFB9622579AC5006D1522 /* PBXTargetDependency */ = {
			isa = PBXTargetDependency;
			target = BFFFFB7F22579AC2006D1522 /* WorkShopSearcher */;
			targetProxy = BFFFFB9522579AC5006D1522 /* PBXContainerItemProxy */;
		};
		BFFFFBA122579AC5006D1522 /* PBXTargetDependency */ = {
			isa = PBXTargetDependency;
			target = BFFFFB7F22579AC2006D1522 /* WorkShopSearcher */;
			targetProxy = BFFFFBA022579AC5006D1522 /* PBXContainerItemProxy */;
		};
/* End PBXTargetDependency section */

/* Begin PBXVariantGroup section */
		BFFFFB8C22579AC4006D1522 /* LaunchScreen.storyboard */ = {
			isa = PBXVariantGroup;
			children = (
				BFFFFB8D22579AC4006D1522 /* Base */,
			);
			name = LaunchScreen.storyboard;
			sourceTree = "<group>";
		};
/* End PBXVariantGroup section */

/* Begin XCBuildConfiguration section */
		BFFFFBA622579AC5006D1522 /* Debug */ = {
			isa = XCBuildConfiguration;
			buildSettings = {
				ALWAYS_SEARCH_USER_PATHS = NO;
				CLANG_ANALYZER_NONNULL = YES;
				CLANG_ANALYZER_NUMBER_OBJECT_CONVERSION = YES_AGGRESSIVE;
				CLANG_CXX_LANGUAGE_STANDARD = "gnu++14";
				CLANG_CXX_LIBRARY = "libc++";
				CLANG_ENABLE_MODULES = YES;
				CLANG_ENABLE_OBJC_ARC = YES;
				CLANG_ENABLE_OBJC_WEAK = YES;
				CLANG_WARN_BLOCK_CAPTURE_AUTORELEASING = YES;
				CLANG_WARN_BOOL_CONVERSION = YES;
				CLANG_WARN_COMMA = YES;
				CLANG_WARN_CONSTANT_CONVERSION = YES;
				CLANG_WARN_DEPRECATED_OBJC_IMPLEMENTATIONS = YES;
				CLANG_WARN_DIRECT_OBJC_ISA_USAGE = YES_ERROR;
				CLANG_WARN_DOCUMENTATION_COMMENTS = YES;
				CLANG_WARN_EMPTY_BODY = YES;
				CLANG_WARN_ENUM_CONVERSION = YES;
				CLANG_WARN_INFINITE_RECURSION = YES;
				CLANG_WARN_INT_CONVERSION = YES;
				CLANG_WARN_NON_LITERAL_NULL_CONVERSION = YES;
				CLANG_WARN_OBJC_IMPLICIT_RETAIN_SELF = YES;
				CLANG_WARN_OBJC_LITERAL_CONVERSION = YES;
				CLANG_WARN_OBJC_ROOT_CLASS = YES_ERROR;
				CLANG_WARN_RANGE_LOOP_ANALYSIS = YES;
				CLANG_WARN_STRICT_PROTOTYPES = YES;
				CLANG_WARN_SUSPICIOUS_MOVE = YES;
				CLANG_WARN_UNGUARDED_AVAILABILITY = YES_AGGRESSIVE;
				CLANG_WARN_UNREACHABLE_CODE = YES;
				CLANG_WARN__DUPLICATE_METHOD_MATCH = YES;
				CODE_SIGN_IDENTITY = "iPhone Developer";
				COPY_PHASE_STRIP = NO;
				DEBUG_INFORMATION_FORMAT = dwarf;
				ENABLE_STRICT_OBJC_MSGSEND = YES;
				ENABLE_TESTABILITY = YES;
				GCC_C_LANGUAGE_STANDARD = gnu11;
				GCC_DYNAMIC_NO_PIC = NO;
				GCC_NO_COMMON_BLOCKS = YES;
				GCC_OPTIMIZATION_LEVEL = 0;
				GCC_PREPROCESSOR_DEFINITIONS = (
					"DEBUG=1",
					"$(inherited)",
				);
				GCC_WARN_64_TO_32_BIT_CONVERSION = YES;
				GCC_WARN_ABOUT_RETURN_TYPE = YES_ERROR;
				GCC_WARN_UNDECLARED_SELECTOR = YES;
				GCC_WARN_UNINITIALIZED_AUTOS = YES_AGGRESSIVE;
				GCC_WARN_UNUSED_FUNCTION = YES;
				GCC_WARN_UNUSED_VARIABLE = YES;
				IPHONEOS_DEPLOYMENT_TARGET = 12.2;
				MTL_ENABLE_DEBUG_INFO = INCLUDE_SOURCE;
				MTL_FAST_MATH = YES;
				ONLY_ACTIVE_ARCH = YES;
				SDKROOT = iphoneos;
				SWIFT_ACTIVE_COMPILATION_CONDITIONS = DEBUG;
				SWIFT_OPTIMIZATION_LEVEL = "-Onone";
			};
			name = Debug;
		};
		BFFFFBA722579AC5006D1522 /* Release */ = {
			isa = XCBuildConfiguration;
			buildSettings = {
				ALWAYS_SEARCH_USER_PATHS = NO;
				CLANG_ANALYZER_NONNULL = YES;
				CLANG_ANALYZER_NUMBER_OBJECT_CONVERSION = YES_AGGRESSIVE;
				CLANG_CXX_LANGUAGE_STANDARD = "gnu++14";
				CLANG_CXX_LIBRARY = "libc++";
				CLANG_ENABLE_MODULES = YES;
				CLANG_ENABLE_OBJC_ARC = YES;
				CLANG_ENABLE_OBJC_WEAK = YES;
				CLANG_WARN_BLOCK_CAPTURE_AUTORELEASING = YES;
				CLANG_WARN_BOOL_CONVERSION = YES;
				CLANG_WARN_COMMA = YES;
				CLANG_WARN_CONSTANT_CONVERSION = YES;
				CLANG_WARN_DEPRECATED_OBJC_IMPLEMENTATIONS = YES;
				CLANG_WARN_DIRECT_OBJC_ISA_USAGE = YES_ERROR;
				CLANG_WARN_DOCUMENTATION_COMMENTS = YES;
				CLANG_WARN_EMPTY_BODY = YES;
				CLANG_WARN_ENUM_CONVERSION = YES;
				CLANG_WARN_INFINITE_RECURSION = YES;
				CLANG_WARN_INT_CONVERSION = YES;
				CLANG_WARN_NON_LITERAL_NULL_CONVERSION = YES;
				CLANG_WARN_OBJC_IMPLICIT_RETAIN_SELF = YES;
				CLANG_WARN_OBJC_LITERAL_CONVERSION = YES;
				CLANG_WARN_OBJC_ROOT_CLASS = YES_ERROR;
				CLANG_WARN_RANGE_LOOP_ANALYSIS = YES;
				CLANG_WARN_STRICT_PROTOTYPES = YES;
				CLANG_WARN_SUSPICIOUS_MOVE = YES;
				CLANG_WARN_UNGUARDED_AVAILABILITY = YES_AGGRESSIVE;
				CLANG_WARN_UNREACHABLE_CODE = YES;
				CLANG_WARN__DUPLICATE_METHOD_MATCH = YES;
				CODE_SIGN_IDENTITY = "iPhone Developer";
				COPY_PHASE_STRIP = NO;
				DEBUG_INFORMATION_FORMAT = "dwarf-with-dsym";
				ENABLE_NS_ASSERTIONS = NO;
				ENABLE_STRICT_OBJC_MSGSEND = YES;
				GCC_C_LANGUAGE_STANDARD = gnu11;
				GCC_NO_COMMON_BLOCKS = YES;
				GCC_WARN_64_TO_32_BIT_CONVERSION = YES;
				GCC_WARN_ABOUT_RETURN_TYPE = YES_ERROR;
				GCC_WARN_UNDECLARED_SELECTOR = YES;
				GCC_WARN_UNINITIALIZED_AUTOS = YES_AGGRESSIVE;
				GCC_WARN_UNUSED_FUNCTION = YES;
				GCC_WARN_UNUSED_VARIABLE = YES;
				IPHONEOS_DEPLOYMENT_TARGET = 12.2;
				MTL_ENABLE_DEBUG_INFO = NO;
				MTL_FAST_MATH = YES;
				SDKROOT = iphoneos;
				SWIFT_COMPILATION_MODE = wholemodule;
				SWIFT_OPTIMIZATION_LEVEL = "-O";
				VALIDATE_PRODUCT = YES;
			};
			name = Release;
		};
		BFFFFBA922579AC5006D1522 /* Debug */ = {
			isa = XCBuildConfiguration;
			buildSettings = {
				ASSETCATALOG_COMPILER_APPICON_NAME = AppIcon;
				CODE_SIGN_STYLE = Automatic;
				DEVELOPMENT_TEAM = DFY27HWN2G;
				FRAMEWORK_SEARCH_PATHS = (
					"$(inherited)",
					"$(PROJECT_DIR)/Carthage/Build/iOS",
				);
				INFOPLIST_FILE = WorkShopSearcher/Info.plist;
				LD_RUNPATH_SEARCH_PATHS = (
					"$(inherited)",
					"@executable_path/Frameworks",
				);
				PRODUCT_BUNDLE_IDENTIFIER = "ry-itto.WorkShopSearcher";
				PRODUCT_NAME = "$(TARGET_NAME)";
				SWIFT_VERSION = 5.0;
				TARGETED_DEVICE_FAMILY = "1,2";
			};
			name = Debug;
		};
		BFFFFBAA22579AC5006D1522 /* Release */ = {
			isa = XCBuildConfiguration;
			buildSettings = {
				ASSETCATALOG_COMPILER_APPICON_NAME = AppIcon;
				CODE_SIGN_STYLE = Automatic;
				DEVELOPMENT_TEAM = DFY27HWN2G;
				FRAMEWORK_SEARCH_PATHS = (
					"$(inherited)",
					"$(PROJECT_DIR)/Carthage/Build/iOS",
				);
				INFOPLIST_FILE = WorkShopSearcher/Info.plist;
				LD_RUNPATH_SEARCH_PATHS = (
					"$(inherited)",
					"@executable_path/Frameworks",
				);
				PRODUCT_BUNDLE_IDENTIFIER = "ry-itto.WorkShopSearcher";
				PRODUCT_NAME = "$(TARGET_NAME)";
				SWIFT_VERSION = 5.0;
				TARGETED_DEVICE_FAMILY = "1,2";
			};
			name = Release;
		};
		BFFFFBAC22579AC5006D1522 /* Debug */ = {
			isa = XCBuildConfiguration;
			buildSettings = {
				ALWAYS_EMBED_SWIFT_STANDARD_LIBRARIES = YES;
				BUNDLE_LOADER = "$(TEST_HOST)";
				CODE_SIGN_STYLE = Automatic;
				DEVELOPMENT_TEAM = DFY27HWN2G;
				FRAMEWORK_SEARCH_PATHS = (
					"$(inherited)",
					"$(PROJECT_DIR)/Carthage/Build/iOS",
				);
				INFOPLIST_FILE = WorkShopSearcherTests/Info.plist;
				LD_RUNPATH_SEARCH_PATHS = (
					"$(inherited)",
					"@executable_path/Frameworks",
					"@loader_path/Frameworks",
				);
				PRODUCT_BUNDLE_IDENTIFIER = "ry-itto.WorkShopSearcherTests";
				PRODUCT_NAME = "$(TARGET_NAME)";
				SWIFT_VERSION = 5.0;
				TARGETED_DEVICE_FAMILY = "1,2";
				TEST_HOST = "$(BUILT_PRODUCTS_DIR)/WorkShopSearcher.app/WorkShopSearcher";
			};
			name = Debug;
		};
		BFFFFBAD22579AC5006D1522 /* Release */ = {
			isa = XCBuildConfiguration;
			buildSettings = {
				ALWAYS_EMBED_SWIFT_STANDARD_LIBRARIES = YES;
				BUNDLE_LOADER = "$(TEST_HOST)";
				CODE_SIGN_STYLE = Automatic;
				DEVELOPMENT_TEAM = DFY27HWN2G;
				FRAMEWORK_SEARCH_PATHS = (
					"$(inherited)",
					"$(PROJECT_DIR)/Carthage/Build/iOS",
				);
				INFOPLIST_FILE = WorkShopSearcherTests/Info.plist;
				LD_RUNPATH_SEARCH_PATHS = (
					"$(inherited)",
					"@executable_path/Frameworks",
					"@loader_path/Frameworks",
				);
				PRODUCT_BUNDLE_IDENTIFIER = "ry-itto.WorkShopSearcherTests";
				PRODUCT_NAME = "$(TARGET_NAME)";
				SWIFT_VERSION = 5.0;
				TARGETED_DEVICE_FAMILY = "1,2";
				TEST_HOST = "$(BUILT_PRODUCTS_DIR)/WorkShopSearcher.app/WorkShopSearcher";
			};
			name = Release;
		};
		BFFFFBAF22579AC5006D1522 /* Debug */ = {
			isa = XCBuildConfiguration;
			buildSettings = {
				ALWAYS_EMBED_SWIFT_STANDARD_LIBRARIES = YES;
				CODE_SIGN_STYLE = Automatic;
				DEVELOPMENT_TEAM = DFY27HWN2G;
				INFOPLIST_FILE = WorkShopSearcherUITests/Info.plist;
				LD_RUNPATH_SEARCH_PATHS = (
					"$(inherited)",
					"@executable_path/Frameworks",
					"@loader_path/Frameworks",
				);
				PRODUCT_BUNDLE_IDENTIFIER = "ry-itto.WorkShopSearcherUITests";
				PRODUCT_NAME = "$(TARGET_NAME)";
				SWIFT_VERSION = 5.0;
				TARGETED_DEVICE_FAMILY = "1,2";
				TEST_TARGET_NAME = WorkShopSearcher;
			};
			name = Debug;
		};
		BFFFFBB022579AC5006D1522 /* Release */ = {
			isa = XCBuildConfiguration;
			buildSettings = {
				ALWAYS_EMBED_SWIFT_STANDARD_LIBRARIES = YES;
				CODE_SIGN_STYLE = Automatic;
				DEVELOPMENT_TEAM = DFY27HWN2G;
				INFOPLIST_FILE = WorkShopSearcherUITests/Info.plist;
				LD_RUNPATH_SEARCH_PATHS = (
					"$(inherited)",
					"@executable_path/Frameworks",
					"@loader_path/Frameworks",
				);
				PRODUCT_BUNDLE_IDENTIFIER = "ry-itto.WorkShopSearcherUITests";
				PRODUCT_NAME = "$(TARGET_NAME)";
				SWIFT_VERSION = 5.0;
				TARGETED_DEVICE_FAMILY = "1,2";
				TEST_TARGET_NAME = WorkShopSearcher;
			};
			name = Release;
		};
/* End XCBuildConfiguration section */

/* Begin XCConfigurationList section */
		BFFFFB7B22579AC2006D1522 /* Build configuration list for PBXProject "WorkShopSearcher" */ = {
			isa = XCConfigurationList;
			buildConfigurations = (
				BFFFFBA622579AC5006D1522 /* Debug */,
				BFFFFBA722579AC5006D1522 /* Release */,
			);
			defaultConfigurationIsVisible = 0;
			defaultConfigurationName = Release;
		};
		BFFFFBA822579AC5006D1522 /* Build configuration list for PBXNativeTarget "WorkShopSearcher" */ = {
			isa = XCConfigurationList;
			buildConfigurations = (
				BFFFFBA922579AC5006D1522 /* Debug */,
				BFFFFBAA22579AC5006D1522 /* Release */,
			);
			defaultConfigurationIsVisible = 0;
			defaultConfigurationName = Release;
		};
		BFFFFBAB22579AC5006D1522 /* Build configuration list for PBXNativeTarget "WorkShopSearcherTests" */ = {
			isa = XCConfigurationList;
			buildConfigurations = (
				BFFFFBAC22579AC5006D1522 /* Debug */,
				BFFFFBAD22579AC5006D1522 /* Release */,
			);
			defaultConfigurationIsVisible = 0;
			defaultConfigurationName = Release;
		};
		BFFFFBAE22579AC5006D1522 /* Build configuration list for PBXNativeTarget "WorkShopSearcherUITests" */ = {
			isa = XCConfigurationList;
			buildConfigurations = (
				BFFFFBAF22579AC5006D1522 /* Debug */,
				BFFFFBB022579AC5006D1522 /* Release */,
			);
			defaultConfigurationIsVisible = 0;
			defaultConfigurationName = Release;
		};
/* End XCConfigurationList section */
	};
	rootObject = BFFFFB7822579AC2006D1522 /* Project object */;
}
